// !$*UTF8*$!
{
	archiveVersion = 1;
	classes = {
	};
	objectVersion = 55;
	objects = {

/* Begin PBXBuildFile section */
		BABBB8B827F366B0007E9061 /* AppDelegate.swift in Sources */ = {isa = PBXBuildFile; fileRef = BABBB8B727F366B0007E9061 /* AppDelegate.swift */; };
		BABBB8BA27F366B0007E9061 /* SceneDelegate.swift in Sources */ = {isa = PBXBuildFile; fileRef = BABBB8B927F366B0007E9061 /* SceneDelegate.swift */; };
		BABBB8BC27F366B0007E9061 /* ViewController.swift in Sources */ = {isa = PBXBuildFile; fileRef = BABBB8BB27F366B0007E9061 /* ViewController.swift */; };
		BABBB8BF27F366B0007E9061 /* Main.storyboard in Resources */ = {isa = PBXBuildFile; fileRef = BABBB8BD27F366B0007E9061 /* Main.storyboard */; };
		BABBB8C127F366B2007E9061 /* Assets.xcassets in Resources */ = {isa = PBXBuildFile; fileRef = BABBB8C027F366B2007E9061 /* Assets.xcassets */; };
		BABBB8C427F366B2007E9061 /* LaunchScreen.storyboard in Resources */ = {isa = PBXBuildFile; fileRef = BABBB8C227F366B2007E9061 /* LaunchScreen.storyboard */; };
		BABBB8CF27F366B3007E9061 /* TableviewdemoTests.swift in Sources */ = {isa = PBXBuildFile; fileRef = BABBB8CE27F366B3007E9061 /* TableviewdemoTests.swift */; };
		BABBB8D927F366B3007E9061 /* TableviewdemoUITests.swift in Sources */ = {isa = PBXBuildFile; fileRef = BABBB8D827F366B3007E9061 /* TableviewdemoUITests.swift */; };
		BABBB8DB27F366B3007E9061 /* TableviewdemoUITestsLaunchTests.swift in Sources */ = {isa = PBXBuildFile; fileRef = BABBB8DA27F366B3007E9061 /* TableviewdemoUITestsLaunchTests.swift */; };
		BABBB8E827F36897007E9061 /* DetailsViewController.swift in Sources */ = {isa = PBXBuildFile; fileRef = BABBB8E727F36897007E9061 /* DetailsViewController.swift */; };
/* End PBXBuildFile section */

/* Begin PBXContainerItemProxy section */
		BABBB8CB27F366B3007E9061 /* PBXContainerItemProxy */ = {
			isa = PBXContainerItemProxy;
			containerPortal = BABBB8AC27F366B0007E9061 /* Project object */;
			proxyType = 1;
			remoteGlobalIDString = BABBB8B327F366B0007E9061;
			remoteInfo = Tableviewdemo;
		};
		BABBB8D527F366B3007E9061 /* PBXContainerItemProxy */ = {
			isa = PBXContainerItemProxy;
			containerPortal = BABBB8AC27F366B0007E9061 /* Project object */;
			proxyType = 1;
			remoteGlobalIDString = BABBB8B327F366B0007E9061;
			remoteInfo = Tableviewdemo;
		};
/* End PBXContainerItemProxy section */

/* Begin PBXFileReference section */
		BABBB8B427F366B0007E9061 /* Tableviewdemo.app */ = {isa = PBXFileReference; explicitFileType = wrapper.application; includeInIndex = 0; path = Tableviewdemo.app; sourceTree = BUILT_PRODUCTS_DIR; };
		BABBB8B727F366B0007E9061 /* AppDelegate.swift */ = {isa = PBXFileReference; lastKnownFileType = sourcecode.swift; path = AppDelegate.swift; sourceTree = "<group>"; };
		BABBB8B927F366B0007E9061 /* SceneDelegate.swift */ = {isa = PBXFileReference; lastKnownFileType = sourcecode.swift; path = SceneDelegate.swift; sourceTree = "<group>"; };
		BABBB8BB27F366B0007E9061 /* ViewController.swift */ = {isa = PBXFileReference; lastKnownFileType = sourcecode.swift; path = ViewController.swift; sourceTree = "<group>"; };
		BABBB8BE27F366B0007E9061 /* Base */ = {isa = PBXFileReference; lastKnownFileType = file.storyboard; name = Base; path = Base.lproj/Main.storyboard; sourceTree = "<group>"; };
		BABBB8C027F366B2007E9061 /* Assets.xcassets */ = {isa = PBXFileReference; lastKnownFileType = folder.assetcatalog; path = Assets.xcassets; sourceTree = "<group>"; };
		BABBB8C327F366B2007E9061 /* Base */ = {isa = PBXFileReference; lastKnownFileType = file.storyboard; name = Base; path = Base.lproj/LaunchScreen.storyboard; sourceTree = "<group>"; };
		BABBB8C527F366B2007E9061 /* Info.plist */ = {isa = PBXFileReference; lastKnownFileType = text.plist.xml; path = Info.plist; sourceTree = "<group>"; };
		BABBB8CA27F366B3007E9061 /* TableviewdemoTests.xctest */ = {isa = PBXFileReference; explicitFileType = wrapper.cfbundle; includeInIndex = 0; path = TableviewdemoTests.xctest; sourceTree = BUILT_PRODUCTS_DIR; };
		BABBB8CE27F366B3007E9061 /* TableviewdemoTests.swift */ = {isa = PBXFileReference; lastKnownFileType = sourcecode.swift; path = TableviewdemoTests.swift; sourceTree = "<group>"; };
		BABBB8D427F366B3007E9061 /* TableviewdemoUITests.xctest */ = {isa = PBXFileReference; explicitFileType = wrapper.cfbundle; includeInIndex = 0; path = TableviewdemoUITests.xctest; sourceTree = BUILT_PRODUCTS_DIR; };
		BABBB8D827F366B3007E9061 /* TableviewdemoUITests.swift */ = {isa = PBXFileReference; lastKnownFileType = sourcecode.swift; path = TableviewdemoUITests.swift; sourceTree = "<group>"; };
		BABBB8DA27F366B3007E9061 /* TableviewdemoUITestsLaunchTests.swift */ = {isa = PBXFileReference; lastKnownFileType = sourcecode.swift; path = TableviewdemoUITestsLaunchTests.swift; sourceTree = "<group>"; };
		BABBB8E727F36897007E9061 /* DetailsViewController.swift */ = {isa = PBXFileReference; lastKnownFileType = sourcecode.swift; path = DetailsViewController.swift; sourceTree = "<group>"; };
/* End PBXFileReference section */

/* Begin PBXFrameworksBuildPhase section */
		BABBB8B127F366B0007E9061 /* Frameworks */ = {
			isa = PBXFrameworksBuildPhase;
			buildActionMask = 2147483647;
			files = (
			);
			runOnlyForDeploymentPostprocessing = 0;
		};
		BABBB8C727F366B3007E9061 /* Frameworks */ = {
			isa = PBXFrameworksBuildPhase;
			buildActionMask = 2147483647;
			files = (
			);
			runOnlyForDeploymentPostprocessing = 0;
		};
		BABBB8D127F366B3007E9061 /* Frameworks */ = {
			isa = PBXFrameworksBuildPhase;
			buildActionMask = 2147483647;
			files = (
			);
			runOnlyForDeploymentPostprocessing = 0;
		};
/* End PBXFrameworksBuildPhase section */

/* Begin PBXGroup section */
		BABBB8AB27F366B0007E9061 = {
			isa = PBXGroup;
			children = (
				BABBB8B627F366B0007E9061 /* Tableviewdemo */,
				BABBB8CD27F366B3007E9061 /* TableviewdemoTests */,
				BABBB8D727F366B3007E9061 /* TableviewdemoUITests */,
				BABBB8B527F366B0007E9061 /* Products */,
			);
			sourceTree = "<group>";
		};
		BABBB8B527F366B0007E9061 /* Products */ = {
			isa = PBXGroup;
			children = (
				BABBB8B427F366B0007E9061 /* Tableviewdemo.app */,
				BABBB8CA27F366B3007E9061 /* TableviewdemoTests.xctest */,
				BABBB8D427F366B3007E9061 /* TableviewdemoUITests.xctest */,
			);
			name = Products;
			sourceTree = "<group>";
		};
		BABBB8B627F366B0007E9061 /* Tableviewdemo */ = {
			isa = PBXGroup;
			children = (
				BABBB8B727F366B0007E9061 /* AppDelegate.swift */,
				BABBB8B927F366B0007E9061 /* SceneDelegate.swift */,
				BABBB8BB27F366B0007E9061 /* ViewController.swift */,
				BABBB8BD27F366B0007E9061 /* Main.storyboard */,
				BABBB8C027F366B2007E9061 /* Assets.xcassets */,
				BABBB8C227F366B2007E9061 /* LaunchScreen.storyboard */,
				BABBB8C527F366B2007E9061 /* Info.plist */,
				BABBB8E727F36897007E9061 /* DetailsViewController.swift */,
			);
			path = Tableviewdemo;
			sourceTree = "<group>";
		};
		BABBB8CD27F366B3007E9061 /* TableviewdemoTests */ = {
			isa = PBXGroup;
			children = (
				BABBB8CE27F366B3007E9061 /* TableviewdemoTests.swift */,
			);
			path = TableviewdemoTests;
			sourceTree = "<group>";
		};
		BABBB8D727F366B3007E9061 /* TableviewdemoUITests */ = {
			isa = PBXGroup;
			children = (
				BABBB8D827F366B3007E9061 /* TableviewdemoUITests.swift */,
				BABBB8DA27F366B3007E9061 /* TableviewdemoUITestsLaunchTests.swift */,
			);
			path = TableviewdemoUITests;
			sourceTree = "<group>";
		};
/* End PBXGroup section */

/* Begin PBXNativeTarget section */
		BABBB8B327F366B0007E9061 /* Tableviewdemo */ = {
			isa = PBXNativeTarget;
			buildConfigurationList = BABBB8DE27F366B3007E9061 /* Build configuration list for PBXNativeTarget "Tableviewdemo" */;
			buildPhases = (
				BABBB8B027F366B0007E9061 /* Sources */,
				BABBB8B127F366B0007E9061 /* Frameworks */,
				BABBB8B227F366B0007E9061 /* Resources */,
			);
			buildRules = (
			);
			dependencies = (
			);
			name = Tableviewdemo;
			productName = Tableviewdemo;
			productReference = BABBB8B427F366B0007E9061 /* Tableviewdemo.app */;
			productType = "com.apple.product-type.application";
		};
		BABBB8C927F366B3007E9061 /* TableviewdemoTests */ = {
			isa = PBXNativeTarget;
			buildConfigurationList = BABBB8E127F366B3007E9061 /* Build configuration list for PBXNativeTarget "TableviewdemoTests" */;
			buildPhases = (
				BABBB8C627F366B3007E9061 /* Sources */,
				BABBB8C727F366B3007E9061 /* Frameworks */,
				BABBB8C827F366B3007E9061 /* Resources */,
			);
			buildRules = (
			);
			dependencies = (
				BABBB8CC27F366B3007E9061 /* PBXTargetDependency */,
			);
			name = TableviewdemoTests;
			productName = TableviewdemoTests;
			productReference = BABBB8CA27F366B3007E9061 /* TableviewdemoTests.xctest */;
			productType = "com.apple.product-type.bundle.unit-test";
		};
		BABBB8D327F366B3007E9061 /* TableviewdemoUITests */ = {
			isa = PBXNativeTarget;
			buildConfigurationList = BABBB8E427F366B3007E9061 /* Build configuration list for PBXNativeTarget "TableviewdemoUITests" */;
			buildPhases = (
				BABBB8D027F366B3007E9061 /* Sources */,
				BABBB8D127F366B3007E9061 /* Frameworks */,
				BABBB8D227F366B3007E9061 /* Resources */,
			);
			buildRules = (
			);
			dependencies = (
				BABBB8D627F366B3007E9061 /* PBXTargetDependency */,
			);
			name = TableviewdemoUITests;
			productName = TableviewdemoUITests;
			productReference = BABBB8D427F366B3007E9061 /* TableviewdemoUITests.xctest */;
			productType = "com.apple.product-type.bundle.ui-testing";
		};
/* End PBXNativeTarget section */

/* Begin PBXProject section */
		BABBB8AC27F366B0007E9061 /* Project object */ = {
			isa = PBXProject;
			attributes = {
				BuildIndependentTargetsInParallel = 1;
				LastSwiftUpdateCheck = 1320;
				LastUpgradeCheck = 1320;
				TargetAttributes = {
					BABBB8B327F366B0007E9061 = {
						CreatedOnToolsVersion = 13.2.1;
					};
					BABBB8C927F366B3007E9061 = {
						CreatedOnToolsVersion = 13.2.1;
						TestTargetID = BABBB8B327F366B0007E9061;
					};
					BABBB8D327F366B3007E9061 = {
						CreatedOnToolsVersion = 13.2.1;
						TestTargetID = BABBB8B327F366B0007E9061;
					};
				};
			};
			buildConfigurationList = BABBB8AF27F366B0007E9061 /* Build configuration list for PBXProject "Tableviewdemo" */;
			compatibilityVersion = "Xcode 13.0";
			developmentRegion = en;
			hasScannedForEncodings = 0;
			knownRegions = (
				en,
				Base,
			);
			mainGroup = BABBB8AB27F366B0007E9061;
			productRefGroup = BABBB8B527F366B0007E9061 /* Products */;
			projectDirPath = "";
			projectRoot = "";
			targets = (
				BABBB8B327F366B0007E9061 /* Tableviewdemo */,
				BABBB8C927F366B3007E9061 /* TableviewdemoTests */,
				BABBB8D327F366B3007E9061 /* TableviewdemoUITests */,
			);
		};
/* End PBXProject section */

/* Begin PBXResourcesBuildPhase section */
		BABBB8B227F366B0007E9061 /* Resources */ = {
			isa = PBXResourcesBuildPhase;
			buildActionMask = 2147483647;
			files = (
				BABBB8C427F366B2007E9061 /* LaunchScreen.storyboard in Resources */,
				BABBB8C127F366B2007E9061 /* Assets.xcassets in Resources */,
				BABBB8BF27F366B0007E9061 /* Main.storyboard in Resources */,
			);
			runOnlyForDeploymentPostprocessing = 0;
		};
		BABBB8C827F366B3007E9061 /* Resources */ = {
			isa = PBXResourcesBuildPhase;
			buildActionMask = 2147483647;
			files = (
			);
			runOnlyForDeploymentPostprocessing = 0;
		};
		BABBB8D227F366B3007E9061 /* Resources */ = {
			isa = PBXResourcesBuildPhase;
			buildActionMask = 2147483647;
			files = (
			);
			runOnlyForDeploymentPostprocessing = 0;
		};
/* End PBXResourcesBuildPhase section */

/* Begin PBXSourcesBuildPhase section */
		BABBB8B027F366B0007E9061 /* Sources */ = {
			isa = PBXSourcesBuildPhase;
			buildActionMask = 2147483647;
			files = (
				BABBB8BC27F366B0007E9061 /* ViewController.swift in Sources */,
				BABBB8B827F366B0007E9061 /* AppDelegate.swift in Sources */,
				BABBB8BA27F366B0007E9061 /* SceneDelegate.swift in Sources */,
				BABBB8E827F36897007E9061 /* DetailsViewController.swift in Sources */,
			);
			runOnlyForDeploymentPostprocessing = 0;
		};
		BABBB8C627F366B3007E9061 /* Sources */ = {
			isa = PBXSourcesBuildPhase;
			buildActionMask = 2147483647;
			files = (
				BABBB8CF27F366B3007E9061 /* TableviewdemoTests.swift in Sources */,
			);
			runOnlyForDeploymentPostprocessing = 0;
		};
		BABBB8D027F366B3007E9061 /* Sources */ = {
			isa = PBXSourcesBuildPhase;
			buildActionMask = 2147483647;
			files = (
				BABBB8D927F366B3007E9061 /* TableviewdemoUITests.swift in Sources */,
				BABBB8DB27F366B3007E9061 /* TableviewdemoUITestsLaunchTests.swift in Sources */,
			);
			runOnlyForDeploymentPostprocessing = 0;
		};
/* End PBXSourcesBuildPhase section */

/* Begin PBXTargetDependency section */
		BABBB8CC27F366B3007E9061 /* PBXTargetDependency */ = {
			isa = PBXTargetDependency;
			target = BABBB8B327F366B0007E9061 /* Tableviewdemo */;
			targetProxy = BABBB8CB27F366B3007E9061 /* PBXContainerItemProxy */;
		};
		BABBB8D627F366B3007E9061 /* PBXTargetDependency */ = {
			isa = PBXTargetDependency;
			target = BABBB8B327F366B0007E9061 /* Tableviewdemo */;
			targetProxy = BABBB8D527F366B3007E9061 /* PBXContainerItemProxy */;
		};
/* End PBXTargetDependency section */

/* Begin PBXVariantGroup section */
		BABBB8BD27F366B0007E9061 /* Main.storyboard */ = {
			isa = PBXVariantGroup;
			children = (
				BABBB8BE27F366B0007E9061 /* Base */,
			);
			name = Main.storyboard;
			sourceTree = "<group>";
		};
		BABBB8C227F366B2007E9061 /* LaunchScreen.storyboard */ = {
			isa = PBXVariantGroup;
			children = (
				BABBB8C327F366B2007E9061 /* Base */,
			);
			name = LaunchScreen.storyboard;
			sourceTree = "<group>";
		};
/* End PBXVariantGroup section */

/* Begin XCBuildConfiguration section */
		BABBB8DC27F366B3007E9061 /* Debug */ = {
			isa = XCBuildConfiguration;
			buildSettings = {
				ALWAYS_SEARCH_USER_PATHS = NO;
				CLANG_ANALYZER_NONNULL = YES;
				CLANG_ANALYZER_NUMBER_OBJECT_CONVERSION = YES_AGGRESSIVE;
				CLANG_CXX_LANGUAGE_STANDARD = "gnu++17";
				CLANG_CXX_LIBRARY = "libc++";
				CLANG_ENABLE_MODULES = YES;
				CLANG_ENABLE_OBJC_ARC = YES;
				CLANG_ENABLE_OBJC_WEAK = YES;
				CLANG_WARN_BLOCK_CAPTURE_AUTORELEASING = YES;
				CLANG_WARN_BOOL_CONVERSION = YES;
				CLANG_WARN_COMMA = YES;
				CLANG_WARN_CONSTANT_CONVERSION = YES;
				CLANG_WARN_DEPRECATED_OBJC_IMPLEMENTATIONS = YES;
				CLANG_WARN_DIRECT_OBJC_ISA_USAGE = YES_ERROR;
				CLANG_WARN_DOCUMENTATION_COMMENTS = YES;
				CLANG_WARN_EMPTY_BODY = YES;
				CLANG_WARN_ENUM_CONVERSION = YES;
				CLANG_WARN_INFINITE_RECURSION = YES;
				CLANG_WARN_INT_CONVERSION = YES;
				CLANG_WARN_NON_LITERAL_NULL_CONVERSION = YES;
				CLANG_WARN_OBJC_IMPLICIT_RETAIN_SELF = YES;
				CLANG_WARN_OBJC_LITERAL_CONVERSION = YES;
				CLANG_WARN_OBJC_ROOT_CLASS = YES_ERROR;
				CLANG_WARN_QUOTED_INCLUDE_IN_FRAMEWORK_HEADER = YES;
				CLANG_WARN_RANGE_LOOP_ANALYSIS = YES;
				CLANG_WARN_STRICT_PROTOTYPES = YES;
				CLANG_WARN_SUSPICIOUS_MOVE = YES;
				CLANG_WARN_UNGUARDED_AVAILABILITY = YES_AGGRESSIVE;
				CLANG_WARN_UNREACHABLE_CODE = YES;
				CLANG_WARN__DUPLICATE_METHOD_MATCH = YES;
				COPY_PHASE_STRIP = NO;
				DEBUG_INFORMATION_FORMAT = dwarf;
				ENABLE_STRICT_OBJC_MSGSEND = YES;
				ENABLE_TESTABILITY = YES;
				GCC_C_LANGUAGE_STANDARD = gnu11;
				GCC_DYNAMIC_NO_PIC = NO;
				GCC_NO_COMMON_BLOCKS = YES;
				GCC_OPTIMIZATION_LEVEL = 0;
				GCC_PREPROCESSOR_DEFINITIONS = (
					"DEBUG=1",
					"$(inherited)",
				);
				GCC_WARN_64_TO_32_BIT_CONVERSION = YES;
				GCC_WARN_ABOUT_RETURN_TYPE = YES_ERROR;
				GCC_WARN_UNDECLARED_SELECTOR = YES;
				GCC_WARN_UNINITIALIZED_AUTOS = YES_AGGRESSIVE;
				GCC_WARN_UNUSED_FUNCTION = YES;
				GCC_WARN_UNUSED_VARIABLE = YES;
				IPHONEOS_DEPLOYMENT_TARGET = 15.2;
				MTL_ENABLE_DEBUG_INFO = INCLUDE_SOURCE;
				MTL_FAST_MATH = YES;
				ONLY_ACTIVE_ARCH = YES;
				SDKROOT = iphoneos;
				SWIFT_ACTIVE_COMPILATION_CONDITIONS = DEBUG;
				SWIFT_OPTIMIZATION_LEVEL = "-Onone";
			};
			name = Debug;
		};
		BABBB8DD27F366B3007E9061 /* Release */ = {
			isa = XCBuildConfiguration;
			buildSettings = {
				ALWAYS_SEARCH_USER_PATHS = NO;
				CLANG_ANALYZER_NONNULL = YES;
				CLANG_ANALYZER_NUMBER_OBJECT_CONVERSION = YES_AGGRESSIVE;
				CLANG_CXX_LANGUAGE_STANDARD = "gnu++17";
				CLANG_CXX_LIBRARY = "libc++";
				CLANG_ENABLE_MODULES = YES;
				CLANG_ENABLE_OBJC_ARC = YES;
				CLANG_ENABLE_OBJC_WEAK = YES;
				CLANG_WARN_BLOCK_CAPTURE_AUTORELEASING = YES;
				CLANG_WARN_BOOL_CONVERSION = YES;
				CLANG_WARN_COMMA = YES;
				CLANG_WARN_CONSTANT_CONVERSION = YES;
				CLANG_WARN_DEPRECATED_OBJC_IMPLEMENTATIONS = YES;
				CLANG_WARN_DIRECT_OBJC_ISA_USAGE = YES_ERROR;
				CLANG_WARN_DOCUMENTATION_COMMENTS = YES;
				CLANG_WARN_EMPTY_BODY = YES;
				CLANG_WARN_ENUM_CONVERSION = YES;
				CLANG_WARN_INFINITE_RECURSION = YES;
				CLANG_WARN_INT_CONVERSION = YES;
				CLANG_WARN_NON_LITERAL_NULL_CONVERSION = YES;
				CLANG_WARN_OBJC_IMPLICIT_RETAIN_SELF = YES;
				CLANG_WARN_OBJC_LITERAL_CONVERSION = YES;
				CLANG_WARN_OBJC_ROOT_CLASS = YES_ERROR;
				CLANG_WARN_QUOTED_INCLUDE_IN_FRAMEWORK_HEADER = YES;
				CLANG_WARN_RANGE_LOOP_ANALYSIS = YES;
				CLANG_WARN_STRICT_PROTOTYPES = YES;
				CLANG_WARN_SUSPICIOUS_MOVE = YES;
				CLANG_WARN_UNGUARDED_AVAILABILITY = YES_AGGRESSIVE;
				CLANG_WARN_UNREACHABLE_CODE = YES;
				CLANG_WARN__DUPLICATE_METHOD_MATCH = YES;
				COPY_PHASE_STRIP = NO;
				DEBUG_INFORMATION_FORMAT = "dwarf-with-dsym";
				ENABLE_NS_ASSERTIONS = NO;
				ENABLE_STRICT_OBJC_MSGSEND = YES;
				GCC_C_LANGUAGE_STANDARD = gnu11;
				GCC_NO_COMMON_BLOCKS = YES;
				GCC_WARN_64_TO_32_BIT_CONVERSION = YES;
				GCC_WARN_ABOUT_RETURN_TYPE = YES_ERROR;
				GCC_WARN_UNDECLARED_SELECTOR = YES;
				GCC_WARN_UNINITIALIZED_AUTOS = YES_AGGRESSIVE;
				GCC_WARN_UNUSED_FUNCTION = YES;
				GCC_WARN_UNUSED_VARIABLE = YES;
				IPHONEOS_DEPLOYMENT_TARGET = 15.2;
				MTL_ENABLE_DEBUG_INFO = NO;
				MTL_FAST_MATH = YES;
				SDKROOT = iphoneos;
				SWIFT_COMPILATION_MODE = wholemodule;
				SWIFT_OPTIMIZATION_LEVEL = "-O";
				VALIDATE_PRODUCT = YES;
			};
			name = Release;
		};
		BABBB8DF27F366B3007E9061 /* Debug */ = {
			isa = XCBuildConfiguration;
			buildSettings = {
				ASSETCATALOG_COMPILER_APPICON_NAME = AppIcon;
				ASSETCATALOG_COMPILER_GLOBAL_ACCENT_COLOR_NAME = AccentColor;
				CODE_SIGN_STYLE = Automatic;
				CURRENT_PROJECT_VERSION = 1;
				GENERATE_INFOPLIST_FILE = YES;
				INFOPLIST_FILE = Tableviewdemo/Info.plist;
				INFOPLIST_KEY_CFBundleDisplayName = Tableviewdemo;
				INFOPLIST_KEY_UIApplicationSupportsIndirectInputEvents = YES;
				INFOPLIST_KEY_UILaunchStoryboardName = LaunchScreen;
				INFOPLIST_KEY_UIMainStoryboardFile = Main;
				INFOPLIST_KEY_UISupportedInterfaceOrientations_iPad = "UIInterfaceOrientationPortrait UIInterfaceOrientationPortraitUpsideDown UIInterfaceOrientationLandscapeLeft UIInterfaceOrientationLandscapeRight";
				INFOPLIST_KEY_UISupportedInterfaceOrientations_iPhone = "UIInterfaceOrientationPortrait UIInterfaceOrientationLandscapeLeft UIInterfaceOrientationLandscapeRight";
				LD_RUNPATH_SEARCH_PATHS = (
					"$(inherited)",
					"@executable_path/Frameworks",
				);
				MARKETING_VERSION = 1.0;
				PRODUCT_BUNDLE_IDENTIFIER = "Northwest-Missouri.Tableviewdemo";
				PRODUCT_NAME = "$(TARGET_NAME)";
				SWIFT_EMIT_LOC_STRINGS = YES;
				SWIFT_VERSION = 5.0;
				TARGETED_DEVICE_FAMILY = "1,2";
			};
			name = Debug;
		};
		BABBB8E027F366B3007E9061 /* Release */ = {
			isa = XCBuildConfiguration;
			buildSettings = {
				ASSETCATALOG_COMPILER_APPICON_NAME = AppIcon;
				ASSETCATALOG_COMPILER_GLOBAL_ACCENT_COLOR_NAME = AccentColor;
				CODE_SIGN_STYLE = Automatic;
				CURRENT_PROJECT_VERSION = 1;
				GENERATE_INFOPLIST_FILE = YES;
				INFOPLIST_FILE = Tableviewdemo/Info.plist;
				INFOPLIST_KEY_CFBundleDisplayName = Tableviewdemo;
				INFOPLIST_KEY_UIApplicationSupportsIndirectInputEvents = YES;
				INFOPLIST_KEY_UILaunchStoryboardName = LaunchScreen;
				INFOPLIST_KEY_UIMainStoryboardFile = Main;
				INFOPLIST_KEY_UISupportedInterfaceOrientations_iPad = "UIInterfaceOrientationPortrait UIInterfaceOrientationPortraitUpsideDown UIInterfaceOrientationLandscapeLeft UIInterfaceOrientationLandscapeRight";
				INFOPLIST_KEY_UISupportedInterfaceOrientations_iPhone = "UIInterfaceOrientationPortrait UIInterfaceOrientationLandscapeLeft UIInterfaceOrientationLandscapeRight";
				LD_RUNPATH_SEARCH_PATHS = (
					"$(inherited)",
					"@executable_path/Frameworks",
				);
				MARKETING_VERSION = 1.0;
				PRODUCT_BUNDLE_IDENTIFIER = "Northwest-Missouri.Tableviewdemo";
				PRODUCT_NAME = "$(TARGET_NAME)";
				SWIFT_EMIT_LOC_STRINGS = YES;
				SWIFT_VERSION = 5.0;
				TARGETED_DEVICE_FAMILY = "1,2";
			};
			name = Release;
		};
		BABBB8E227F366B3007E9061 /* Debug */ = {
			isa = XCBuildConfiguration;
			buildSettings = {
				ALWAYS_EMBED_SWIFT_STANDARD_LIBRARIES = YES;
				BUNDLE_LOADER = "$(TEST_HOST)";
				CODE_SIGN_STYLE = Automatic;
				CURRENT_PROJECT_VERSION = 1;
				GENERATE_INFOPLIST_FILE = YES;
				IPHONEOS_DEPLOYMENT_TARGET = 15.2;
				MARKETING_VERSION = 1.0;
				PRODUCT_BUNDLE_IDENTIFIER = "Northwest-Missouri.TableviewdemoTests";
				PRODUCT_NAME = "$(TARGET_NAME)";
				SWIFT_EMIT_LOC_STRINGS = NO;
				SWIFT_VERSION = 5.0;
				TARGETED_DEVICE_FAMILY = "1,2";
				TEST_HOST = "$(BUILT_PRODUCTS_DIR)/Tableviewdemo.app/Tableviewdemo";
			};
			name = Debug;
		};
		BABBB8E327F366B3007E9061 /* Release */ = {
			isa = XCBuildConfiguration;
			buildSettings = {
				ALWAYS_EMBED_SWIFT_STANDARD_LIBRARIES = YES;
				BUNDLE_LOADER = "$(TEST_HOST)";
				CODE_SIGN_STYLE = Automatic;
				CURRENT_PROJECT_VERSION = 1;
				GENERATE_INFOPLIST_FILE = YES;
				IPHONEOS_DEPLOYMENT_TARGET = 15.2;
				MARKETING_VERSION = 1.0;
				PRODUCT_BUNDLE_IDENTIFIER = "Northwest-Missouri.TableviewdemoTests";
				PRODUCT_NAME = "$(TARGET_NAME)";
				SWIFT_EMIT_LOC_STRINGS = NO;
				SWIFT_VERSION = 5.0;
				TARGETED_DEVICE_FAMILY = "1,2";
				TEST_HOST = "$(BUILT_PRODUCTS_DIR)/Tableviewdemo.app/Tableviewdemo";
			};
			name = Release;
		};
		BABBB8E527F366B3007E9061 /* Debug */ = {
			isa = XCBuildConfiguration;
			buildSettings = {
				ALWAYS_EMBED_SWIFT_STANDARD_LIBRARIES = YES;
				CODE_SIGN_STYLE = Automatic;
				CURRENT_PROJECT_VERSION = 1;
				GENERATE_INFOPLIST_FILE = YES;
				MARKETING_VERSION = 1.0;
				PRODUCT_BUNDLE_IDENTIFIER = "Northwest-Missouri.TableviewdemoUITests";
				PRODUCT_NAME = "$(TARGET_NAME)";
				SWIFT_EMIT_LOC_STRINGS = NO;
				SWIFT_VERSION = 5.0;
				TARGETED_DEVICE_FAMILY = "1,2";
				TEST_TARGET_NAME = Tableviewdemo;
			};
			name = Debug;
		};
		BABBB8E627F366B3007E9061 /* Release */ = {
			isa = XCBuildConfiguration;
			buildSettings = {
				ALWAYS_EMBED_SWIFT_STANDARD_LIBRARIES = YES;
				CODE_SIGN_STYLE = Automatic;
				CURRENT_PROJECT_VERSION = 1;
				GENERATE_INFOPLIST_FILE = YES;
				MARKETING_VERSION = 1.0;
				PRODUCT_BUNDLE_IDENTIFIER = "Northwest-Missouri.TableviewdemoUITests";
				PRODUCT_NAME = "$(TARGET_NAME)";
				SWIFT_EMIT_LOC_STRINGS = NO;
				SWIFT_VERSION = 5.0;
				TARGETED_DEVICE_FAMILY = "1,2";
				TEST_TARGET_NAME = Tableviewdemo;
			};
			name = Release;
		};
/* End XCBuildConfiguration section */

/* Begin XCConfigurationList section */
		BABBB8AF27F366B0007E9061 /* Build configuration list for PBXProject "Tableviewdemo" */ = {
			isa = XCConfigurationList;
			buildConfigurations = (
				BABBB8DC27F366B3007E9061 /* Debug */,
				BABBB8DD27F366B3007E9061 /* Release */,
			);
			defaultConfigurationIsVisible = 0;
			defaultConfigurationName = Release;
		};
		BABBB8DE27F366B3007E9061 /* Build configuration list for PBXNativeTarget "Tableviewdemo" */ = {
			isa = XCConfigurationList;
			buildConfigurations = (
				BABBB8DF27F366B3007E9061 /* Debug */,
				BABBB8E027F366B3007E9061 /* Release */,
			);
			defaultConfigurationIsVisible = 0;
			defaultConfigurationName = Release;
		};
		BABBB8E127F366B3007E9061 /* Build configuration list for PBXNativeTarget "TableviewdemoTests" */ = {
			isa = XCConfigurationList;
			buildConfigurations = (
				BABBB8E227F366B3007E9061 /* Debug */,
				BABBB8E327F366B3007E9061 /* Release */,
			);
			defaultConfigurationIsVisible = 0;
			defaultConfigurationName = Release;
		};
		BABBB8E427F366B3007E9061 /* Build configuration list for PBXNativeTarget "TableviewdemoUITests" */ = {
			isa = XCConfigurationList;
			buildConfigurations = (
				BABBB8E527F366B3007E9061 /* Debug */,
				BABBB8E627F366B3007E9061 /* Release */,
			);
			defaultConfigurationIsVisible = 0;
			defaultConfigurationName = Release;
		};
/* End XCConfigurationList section */
	};
	rootObject = BABBB8AC27F366B0007E9061 /* Project object */;
}
