// !$*UTF8*$!
{
	archiveVersion = 1;
	classes = {
	};
	objectVersion = 55;
	objects = {

/* Begin PBXBuildFile section */
		BAEE631127EA2C7C00A71EF8 /* AppDelegate.swift in Sources */ = {isa = PBXBuildFile; fileRef = BAEE631027EA2C7C00A71EF8 /* AppDelegate.swift */; };
		BAEE631327EA2C7C00A71EF8 /* SceneDelegate.swift in Sources */ = {isa = PBXBuildFile; fileRef = BAEE631227EA2C7C00A71EF8 /* SceneDelegate.swift */; };
		BAEE631527EA2C7C00A71EF8 /* ViewController.swift in Sources */ = {isa = PBXBuildFile; fileRef = BAEE631427EA2C7C00A71EF8 /* ViewController.swift */; };
		BAEE631827EA2C7C00A71EF8 /* Main.storyboard in Resources */ = {isa = PBXBuildFile; fileRef = BAEE631627EA2C7C00A71EF8 /* Main.storyboard */; };
		BAEE631A27EA2C7E00A71EF8 /* Assets.xcassets in Resources */ = {isa = PBXBuildFile; fileRef = BAEE631927EA2C7E00A71EF8 /* Assets.xcassets */; };
		BAEE631D27EA2C7E00A71EF8 /* LaunchScreen.storyboard in Resources */ = {isa = PBXBuildFile; fileRef = BAEE631B27EA2C7E00A71EF8 /* LaunchScreen.storyboard */; };
		BAEE632827EA2C7E00A71EF8 /* DiscountAppTests.swift in Sources */ = {isa = PBXBuildFile; fileRef = BAEE632727EA2C7E00A71EF8 /* DiscountAppTests.swift */; };
		BAEE633227EA2C7E00A71EF8 /* DiscountAppUITests.swift in Sources */ = {isa = PBXBuildFile; fileRef = BAEE633127EA2C7E00A71EF8 /* DiscountAppUITests.swift */; };
		BAEE633427EA2C7E00A71EF8 /* DiscountAppUITestsLaunchTests.swift in Sources */ = {isa = PBXBuildFile; fileRef = BAEE633327EA2C7E00A71EF8 /* DiscountAppUITestsLaunchTests.swift */; };
		BAEE634127EA2D9F00A71EF8 /* ResultViewControllor.swift in Sources */ = {isa = PBXBuildFile; fileRef = BAEE634027EA2D9F00A71EF8 /* ResultViewControllor.swift */; };
/* End PBXBuildFile section */

/* Begin PBXContainerItemProxy section */
		BAEE632427EA2C7E00A71EF8 /* PBXContainerItemProxy */ = {
			isa = PBXContainerItemProxy;
			containerPortal = BAEE630527EA2C7C00A71EF8 /* Project object */;
			proxyType = 1;
			remoteGlobalIDString = BAEE630C27EA2C7C00A71EF8;
			remoteInfo = DiscountApp;
		};
		BAEE632E27EA2C7E00A71EF8 /* PBXContainerItemProxy */ = {
			isa = PBXContainerItemProxy;
			containerPortal = BAEE630527EA2C7C00A71EF8 /* Project object */;
			proxyType = 1;
			remoteGlobalIDString = BAEE630C27EA2C7C00A71EF8;
			remoteInfo = DiscountApp;
		};
/* End PBXContainerItemProxy section */

/* Begin PBXFileReference section */
		BAEE630D27EA2C7C00A71EF8 /* DiscountApp.app */ = {isa = PBXFileReference; explicitFileType = wrapper.application; includeInIndex = 0; path = DiscountApp.app; sourceTree = BUILT_PRODUCTS_DIR; };
		BAEE631027EA2C7C00A71EF8 /* AppDelegate.swift */ = {isa = PBXFileReference; lastKnownFileType = sourcecode.swift; path = AppDelegate.swift; sourceTree = "<group>"; };
		BAEE631227EA2C7C00A71EF8 /* SceneDelegate.swift */ = {isa = PBXFileReference; lastKnownFileType = sourcecode.swift; path = SceneDelegate.swift; sourceTree = "<group>"; };
		BAEE631427EA2C7C00A71EF8 /* ViewController.swift */ = {isa = PBXFileReference; lastKnownFileType = sourcecode.swift; path = ViewController.swift; sourceTree = "<group>"; };
		BAEE631727EA2C7C00A71EF8 /* Base */ = {isa = PBXFileReference; lastKnownFileType = file.storyboard; name = Base; path = Base.lproj/Main.storyboard; sourceTree = "<group>"; };
		BAEE631927EA2C7E00A71EF8 /* Assets.xcassets */ = {isa = PBXFileReference; lastKnownFileType = folder.assetcatalog; path = Assets.xcassets; sourceTree = "<group>"; };
		BAEE631C27EA2C7E00A71EF8 /* Base */ = {isa = PBXFileReference; lastKnownFileType = file.storyboard; name = Base; path = Base.lproj/LaunchScreen.storyboard; sourceTree = "<group>"; };
		BAEE631E27EA2C7E00A71EF8 /* Info.plist */ = {isa = PBXFileReference; lastKnownFileType = text.plist.xml; path = Info.plist; sourceTree = "<group>"; };
		BAEE632327EA2C7E00A71EF8 /* DiscountAppTests.xctest */ = {isa = PBXFileReference; explicitFileType = wrapper.cfbundle; includeInIndex = 0; path = DiscountAppTests.xctest; sourceTree = BUILT_PRODUCTS_DIR; };
		BAEE632727EA2C7E00A71EF8 /* DiscountAppTests.swift */ = {isa = PBXFileReference; lastKnownFileType = sourcecode.swift; path = DiscountAppTests.swift; sourceTree = "<group>"; };
		BAEE632D27EA2C7E00A71EF8 /* DiscountAppUITests.xctest */ = {isa = PBXFileReference; explicitFileType = wrapper.cfbundle; includeInIndex = 0; path = DiscountAppUITests.xctest; sourceTree = BUILT_PRODUCTS_DIR; };
		BAEE633127EA2C7E00A71EF8 /* DiscountAppUITests.swift */ = {isa = PBXFileReference; lastKnownFileType = sourcecode.swift; path = DiscountAppUITests.swift; sourceTree = "<group>"; };
		BAEE633327EA2C7E00A71EF8 /* DiscountAppUITestsLaunchTests.swift */ = {isa = PBXFileReference; lastKnownFileType = sourcecode.swift; path = DiscountAppUITestsLaunchTests.swift; sourceTree = "<group>"; };
		BAEE634027EA2D9F00A71EF8 /* ResultViewControllor.swift */ = {isa = PBXFileReference; lastKnownFileType = sourcecode.swift; path = ResultViewControllor.swift; sourceTree = "<group>"; };
/* End PBXFileReference section */

/* Begin PBXFrameworksBuildPhase section */
		BAEE630A27EA2C7C00A71EF8 /* Frameworks */ = {
			isa = PBXFrameworksBuildPhase;
			buildActionMask = 2147483647;
			files = (
			);
			runOnlyForDeploymentPostprocessing = 0;
		};
		BAEE632027EA2C7E00A71EF8 /* Frameworks */ = {
			isa = PBXFrameworksBuildPhase;
			buildActionMask = 2147483647;
			files = (
			);
			runOnlyForDeploymentPostprocessing = 0;
		};
		BAEE632A27EA2C7E00A71EF8 /* Frameworks */ = {
			isa = PBXFrameworksBuildPhase;
			buildActionMask = 2147483647;
			files = (
			);
			runOnlyForDeploymentPostprocessing = 0;
		};
/* End PBXFrameworksBuildPhase section */

/* Begin PBXGroup section */
		BAEE630427EA2C7C00A71EF8 = {
			isa = PBXGroup;
			children = (
				BAEE630F27EA2C7C00A71EF8 /* DiscountApp */,
				BAEE632627EA2C7E00A71EF8 /* DiscountAppTests */,
				BAEE633027EA2C7E00A71EF8 /* DiscountAppUITests */,
				BAEE630E27EA2C7C00A71EF8 /* Products */,
			);
			sourceTree = "<group>";
		};
		BAEE630E27EA2C7C00A71EF8 /* Products */ = {
			isa = PBXGroup;
			children = (
				BAEE630D27EA2C7C00A71EF8 /* DiscountApp.app */,
				BAEE632327EA2C7E00A71EF8 /* DiscountAppTests.xctest */,
				BAEE632D27EA2C7E00A71EF8 /* DiscountAppUITests.xctest */,
			);
			name = Products;
			sourceTree = "<group>";
		};
		BAEE630F27EA2C7C00A71EF8 /* DiscountApp */ = {
			isa = PBXGroup;
			children = (
				BAEE631027EA2C7C00A71EF8 /* AppDelegate.swift */,
				BAEE631227EA2C7C00A71EF8 /* SceneDelegate.swift */,
				BAEE631427EA2C7C00A71EF8 /* ViewController.swift */,
				BAEE631627EA2C7C00A71EF8 /* Main.storyboard */,
				BAEE631927EA2C7E00A71EF8 /* Assets.xcassets */,
				BAEE631B27EA2C7E00A71EF8 /* LaunchScreen.storyboard */,
				BAEE631E27EA2C7E00A71EF8 /* Info.plist */,
				BAEE634027EA2D9F00A71EF8 /* ResultViewControllor.swift */,
			);
			path = DiscountApp;
			sourceTree = "<group>";
		};
		BAEE632627EA2C7E00A71EF8 /* DiscountAppTests */ = {
			isa = PBXGroup;
			children = (
				BAEE632727EA2C7E00A71EF8 /* DiscountAppTests.swift */,
			);
			path = DiscountAppTests;
			sourceTree = "<group>";
		};
		BAEE633027EA2C7E00A71EF8 /* DiscountAppUITests */ = {
			isa = PBXGroup;
			children = (
				BAEE633127EA2C7E00A71EF8 /* DiscountAppUITests.swift */,
				BAEE633327EA2C7E00A71EF8 /* DiscountAppUITestsLaunchTests.swift */,
			);
			path = DiscountAppUITests;
			sourceTree = "<group>";
		};
/* End PBXGroup section */

/* Begin PBXNativeTarget section */
		BAEE630C27EA2C7C00A71EF8 /* DiscountApp */ = {
			isa = PBXNativeTarget;
			buildConfigurationList = BAEE633727EA2C7E00A71EF8 /* Build configuration list for PBXNativeTarget "DiscountApp" */;
			buildPhases = (
				BAEE630927EA2C7C00A71EF8 /* Sources */,
				BAEE630A27EA2C7C00A71EF8 /* Frameworks */,
				BAEE630B27EA2C7C00A71EF8 /* Resources */,
			);
			buildRules = (
			);
			dependencies = (
			);
			name = DiscountApp;
			productName = DiscountApp;
			productReference = BAEE630D27EA2C7C00A71EF8 /* DiscountApp.app */;
			productType = "com.apple.product-type.application";
		};
		BAEE632227EA2C7E00A71EF8 /* DiscountAppTests */ = {
			isa = PBXNativeTarget;
			buildConfigurationList = BAEE633A27EA2C7E00A71EF8 /* Build configuration list for PBXNativeTarget "DiscountAppTests" */;
			buildPhases = (
				BAEE631F27EA2C7E00A71EF8 /* Sources */,
				BAEE632027EA2C7E00A71EF8 /* Frameworks */,
				BAEE632127EA2C7E00A71EF8 /* Resources */,
			);
			buildRules = (
			);
			dependencies = (
				BAEE632527EA2C7E00A71EF8 /* PBXTargetDependency */,
			);
			name = DiscountAppTests;
			productName = DiscountAppTests;
			productReference = BAEE632327EA2C7E00A71EF8 /* DiscountAppTests.xctest */;
			productType = "com.apple.product-type.bundle.unit-test";
		};
		BAEE632C27EA2C7E00A71EF8 /* DiscountAppUITests */ = {
			isa = PBXNativeTarget;
			buildConfigurationList = BAEE633D27EA2C7E00A71EF8 /* Build configuration list for PBXNativeTarget "DiscountAppUITests" */;
			buildPhases = (
				BAEE632927EA2C7E00A71EF8 /* Sources */,
				BAEE632A27EA2C7E00A71EF8 /* Frameworks */,
				BAEE632B27EA2C7E00A71EF8 /* Resources */,
			);
			buildRules = (
			);
			dependencies = (
				BAEE632F27EA2C7E00A71EF8 /* PBXTargetDependency */,
			);
			name = DiscountAppUITests;
			productName = DiscountAppUITests;
			productReference = BAEE632D27EA2C7E00A71EF8 /* DiscountAppUITests.xctest */;
			productType = "com.apple.product-type.bundle.ui-testing";
		};
/* End PBXNativeTarget section */

/* Begin PBXProject section */
		BAEE630527EA2C7C00A71EF8 /* Project object */ = {
			isa = PBXProject;
			attributes = {
				BuildIndependentTargetsInParallel = 1;
				LastSwiftUpdateCheck = 1320;
				LastUpgradeCheck = 1320;
				TargetAttributes = {
					BAEE630C27EA2C7C00A71EF8 = {
						CreatedOnToolsVersion = 13.2.1;
					};
					BAEE632227EA2C7E00A71EF8 = {
						CreatedOnToolsVersion = 13.2.1;
						TestTargetID = BAEE630C27EA2C7C00A71EF8;
					};
					BAEE632C27EA2C7E00A71EF8 = {
						CreatedOnToolsVersion = 13.2.1;
						TestTargetID = BAEE630C27EA2C7C00A71EF8;
					};
				};
			};
			buildConfigurationList = BAEE630827EA2C7C00A71EF8 /* Build configuration list for PBXProject "DiscountApp" */;
			compatibilityVersion = "Xcode 13.0";
			developmentRegion = en;
			hasScannedForEncodings = 0;
			knownRegions = (
				en,
				Base,
			);
			mainGroup = BAEE630427EA2C7C00A71EF8;
			productRefGroup = BAEE630E27EA2C7C00A71EF8 /* Products */;
			projectDirPath = "";
			projectRoot = "";
			targets = (
				BAEE630C27EA2C7C00A71EF8 /* DiscountApp */,
				BAEE632227EA2C7E00A71EF8 /* DiscountAppTests */,
				BAEE632C27EA2C7E00A71EF8 /* DiscountAppUITests */,
			);
		};
/* End PBXProject section */

/* Begin PBXResourcesBuildPhase section */
		BAEE630B27EA2C7C00A71EF8 /* Resources */ = {
			isa = PBXResourcesBuildPhase;
			buildActionMask = 2147483647;
			files = (
				BAEE631D27EA2C7E00A71EF8 /* LaunchScreen.storyboard in Resources */,
				BAEE631A27EA2C7E00A71EF8 /* Assets.xcassets in Resources */,
				BAEE631827EA2C7C00A71EF8 /* Main.storyboard in Resources */,
			);
			runOnlyForDeploymentPostprocessing = 0;
		};
		BAEE632127EA2C7E00A71EF8 /* Resources */ = {
			isa = PBXResourcesBuildPhase;
			buildActionMask = 2147483647;
			files = (
			);
			runOnlyForDeploymentPostprocessing = 0;
		};
		BAEE632B27EA2C7E00A71EF8 /* Resources */ = {
			isa = PBXResourcesBuildPhase;
			buildActionMask = 2147483647;
			files = (
			);
			runOnlyForDeploymentPostprocessing = 0;
		};
/* End PBXResourcesBuildPhase section */

/* Begin PBXSourcesBuildPhase section */
		BAEE630927EA2C7C00A71EF8 /* Sources */ = {
			isa = PBXSourcesBuildPhase;
			buildActionMask = 2147483647;
			files = (
				BAEE631527EA2C7C00A71EF8 /* ViewController.swift in Sources */,
				BAEE631127EA2C7C00A71EF8 /* AppDelegate.swift in Sources */,
				BAEE634127EA2D9F00A71EF8 /* ResultViewControllor.swift in Sources */,
				BAEE631327EA2C7C00A71EF8 /* SceneDelegate.swift in Sources */,
			);
			runOnlyForDeploymentPostprocessing = 0;
		};
		BAEE631F27EA2C7E00A71EF8 /* Sources */ = {
			isa = PBXSourcesBuildPhase;
			buildActionMask = 2147483647;
			files = (
				BAEE632827EA2C7E00A71EF8 /* DiscountAppTests.swift in Sources */,
			);
			runOnlyForDeploymentPostprocessing = 0;
		};
		BAEE632927EA2C7E00A71EF8 /* Sources */ = {
			isa = PBXSourcesBuildPhase;
			buildActionMask = 2147483647;
			files = (
				BAEE633227EA2C7E00A71EF8 /* DiscountAppUITests.swift in Sources */,
				BAEE633427EA2C7E00A71EF8 /* DiscountAppUITestsLaunchTests.swift in Sources */,
			);
			runOnlyForDeploymentPostprocessing = 0;
		};
/* End PBXSourcesBuildPhase section */

/* Begin PBXTargetDependency section */
		BAEE632527EA2C7E00A71EF8 /* PBXTargetDependency */ = {
			isa = PBXTargetDependency;
			target = BAEE630C27EA2C7C00A71EF8 /* DiscountApp */;
			targetProxy = BAEE632427EA2C7E00A71EF8 /* PBXContainerItemProxy */;
		};
		BAEE632F27EA2C7E00A71EF8 /* PBXTargetDependency */ = {
			isa = PBXTargetDependency;
			target = BAEE630C27EA2C7C00A71EF8 /* DiscountApp */;
			targetProxy = BAEE632E27EA2C7E00A71EF8 /* PBXContainerItemProxy */;
		};
/* End PBXTargetDependency section */

/* Begin PBXVariantGroup section */
		BAEE631627EA2C7C00A71EF8 /* Main.storyboard */ = {
			isa = PBXVariantGroup;
			children = (
				BAEE631727EA2C7C00A71EF8 /* Base */,
			);
			name = Main.storyboard;
			sourceTree = "<group>";
		};
		BAEE631B27EA2C7E00A71EF8 /* LaunchScreen.storyboard */ = {
			isa = PBXVariantGroup;
			children = (
				BAEE631C27EA2C7E00A71EF8 /* Base */,
			);
			name = LaunchScreen.storyboard;
			sourceTree = "<group>";
		};
/* End PBXVariantGroup section */

/* Begin XCBuildConfiguration section */
		BAEE633527EA2C7E00A71EF8 /* Debug */ = {
			isa = XCBuildConfiguration;
			buildSettings = {
				ALWAYS_SEARCH_USER_PATHS = NO;
				CLANG_ANALYZER_NONNULL = YES;
				CLANG_ANALYZER_NUMBER_OBJECT_CONVERSION = YES_AGGRESSIVE;
				CLANG_CXX_LANGUAGE_STANDARD = "gnu++17";
				CLANG_CXX_LIBRARY = "libc++";
				CLANG_ENABLE_MODULES = YES;
				CLANG_ENABLE_OBJC_ARC = YES;
				CLANG_ENABLE_OBJC_WEAK = YES;
				CLANG_WARN_BLOCK_CAPTURE_AUTORELEASING = YES;
				CLANG_WARN_BOOL_CONVERSION = YES;
				CLANG_WARN_COMMA = YES;
				CLANG_WARN_CONSTANT_CONVERSION = YES;
				CLANG_WARN_DEPRECATED_OBJC_IMPLEMENTATIONS = YES;
				CLANG_WARN_DIRECT_OBJC_ISA_USAGE = YES_ERROR;
				CLANG_WARN_DOCUMENTATION_COMMENTS = YES;
				CLANG_WARN_EMPTY_BODY = YES;
				CLANG_WARN_ENUM_CONVERSION = YES;
				CLANG_WARN_INFINITE_RECURSION = YES;
				CLANG_WARN_INT_CONVERSION = YES;
				CLANG_WARN_NON_LITERAL_NULL_CONVERSION = YES;
				CLANG_WARN_OBJC_IMPLICIT_RETAIN_SELF = YES;
				CLANG_WARN_OBJC_LITERAL_CONVERSION = YES;
				CLANG_WARN_OBJC_ROOT_CLASS = YES_ERROR;
				CLANG_WARN_QUOTED_INCLUDE_IN_FRAMEWORK_HEADER = YES;
				CLANG_WARN_RANGE_LOOP_ANALYSIS = YES;
				CLANG_WARN_STRICT_PROTOTYPES = YES;
				CLANG_WARN_SUSPICIOUS_MOVE = YES;
				CLANG_WARN_UNGUARDED_AVAILABILITY = YES_AGGRESSIVE;
				CLANG_WARN_UNREACHABLE_CODE = YES;
				CLANG_WARN__DUPLICATE_METHOD_MATCH = YES;
				COPY_PHASE_STRIP = NO;
				DEBUG_INFORMATION_FORMAT = dwarf;
				ENABLE_STRICT_OBJC_MSGSEND = YES;
				ENABLE_TESTABILITY = YES;
				GCC_C_LANGUAGE_STANDARD = gnu11;
				GCC_DYNAMIC_NO_PIC = NO;
				GCC_NO_COMMON_BLOCKS = YES;
				GCC_OPTIMIZATION_LEVEL = 0;
				GCC_PREPROCESSOR_DEFINITIONS = (
					"DEBUG=1",
					"$(inherited)",
				);
				GCC_WARN_64_TO_32_BIT_CONVERSION = YES;
				GCC_WARN_ABOUT_RETURN_TYPE = YES_ERROR;
				GCC_WARN_UNDECLARED_SELECTOR = YES;
				GCC_WARN_UNINITIALIZED_AUTOS = YES_AGGRESSIVE;
				GCC_WARN_UNUSED_FUNCTION = YES;
				GCC_WARN_UNUSED_VARIABLE = YES;
				IPHONEOS_DEPLOYMENT_TARGET = 15.2;
				MTL_ENABLE_DEBUG_INFO = INCLUDE_SOURCE;
				MTL_FAST_MATH = YES;
				ONLY_ACTIVE_ARCH = YES;
				SDKROOT = iphoneos;
				SWIFT_ACTIVE_COMPILATION_CONDITIONS = DEBUG;
				SWIFT_OPTIMIZATION_LEVEL = "-Onone";
			};
			name = Debug;
		};
		BAEE633627EA2C7E00A71EF8 /* Release */ = {
			isa = XCBuildConfiguration;
			buildSettings = {
				ALWAYS_SEARCH_USER_PATHS = NO;
				CLANG_ANALYZER_NONNULL = YES;
				CLANG_ANALYZER_NUMBER_OBJECT_CONVERSION = YES_AGGRESSIVE;
				CLANG_CXX_LANGUAGE_STANDARD = "gnu++17";
				CLANG_CXX_LIBRARY = "libc++";
				CLANG_ENABLE_MODULES = YES;
				CLANG_ENABLE_OBJC_ARC = YES;
				CLANG_ENABLE_OBJC_WEAK = YES;
				CLANG_WARN_BLOCK_CAPTURE_AUTORELEASING = YES;
				CLANG_WARN_BOOL_CONVERSION = YES;
				CLANG_WARN_COMMA = YES;
				CLANG_WARN_CONSTANT_CONVERSION = YES;
				CLANG_WARN_DEPRECATED_OBJC_IMPLEMENTATIONS = YES;
				CLANG_WARN_DIRECT_OBJC_ISA_USAGE = YES_ERROR;
				CLANG_WARN_DOCUMENTATION_COMMENTS = YES;
				CLANG_WARN_EMPTY_BODY = YES;
				CLANG_WARN_ENUM_CONVERSION = YES;
				CLANG_WARN_INFINITE_RECURSION = YES;
				CLANG_WARN_INT_CONVERSION = YES;
				CLANG_WARN_NON_LITERAL_NULL_CONVERSION = YES;
				CLANG_WARN_OBJC_IMPLICIT_RETAIN_SELF = YES;
				CLANG_WARN_OBJC_LITERAL_CONVERSION = YES;
				CLANG_WARN_OBJC_ROOT_CLASS = YES_ERROR;
				CLANG_WARN_QUOTED_INCLUDE_IN_FRAMEWORK_HEADER = YES;
				CLANG_WARN_RANGE_LOOP_ANALYSIS = YES;
				CLANG_WARN_STRICT_PROTOTYPES = YES;
				CLANG_WARN_SUSPICIOUS_MOVE = YES;
				CLANG_WARN_UNGUARDED_AVAILABILITY = YES_AGGRESSIVE;
				CLANG_WARN_UNREACHABLE_CODE = YES;
				CLANG_WARN__DUPLICATE_METHOD_MATCH = YES;
				COPY_PHASE_STRIP = NO;
				DEBUG_INFORMATION_FORMAT = "dwarf-with-dsym";
				ENABLE_NS_ASSERTIONS = NO;
				ENABLE_STRICT_OBJC_MSGSEND = YES;
				GCC_C_LANGUAGE_STANDARD = gnu11;
				GCC_NO_COMMON_BLOCKS = YES;
				GCC_WARN_64_TO_32_BIT_CONVERSION = YES;
				GCC_WARN_ABOUT_RETURN_TYPE = YES_ERROR;
				GCC_WARN_UNDECLARED_SELECTOR = YES;
				GCC_WARN_UNINITIALIZED_AUTOS = YES_AGGRESSIVE;
				GCC_WARN_UNUSED_FUNCTION = YES;
				GCC_WARN_UNUSED_VARIABLE = YES;
				IPHONEOS_DEPLOYMENT_TARGET = 15.2;
				MTL_ENABLE_DEBUG_INFO = NO;
				MTL_FAST_MATH = YES;
				SDKROOT = iphoneos;
				SWIFT_COMPILATION_MODE = wholemodule;
				SWIFT_OPTIMIZATION_LEVEL = "-O";
				VALIDATE_PRODUCT = YES;
			};
			name = Release;
		};
		BAEE633827EA2C7E00A71EF8 /* Debug */ = {
			isa = XCBuildConfiguration;
			buildSettings = {
				ASSETCATALOG_COMPILER_APPICON_NAME = AppIcon;
				ASSETCATALOG_COMPILER_GLOBAL_ACCENT_COLOR_NAME = AccentColor;
				CODE_SIGN_STYLE = Automatic;
				CURRENT_PROJECT_VERSION = 1;
				GENERATE_INFOPLIST_FILE = YES;
				INFOPLIST_FILE = DiscountApp/Info.plist;
				INFOPLIST_KEY_CFBundleDisplayName = DiscountApp;
				INFOPLIST_KEY_UIApplicationSupportsIndirectInputEvents = YES;
				INFOPLIST_KEY_UILaunchStoryboardName = LaunchScreen;
				INFOPLIST_KEY_UIMainStoryboardFile = Main;
				INFOPLIST_KEY_UISupportedInterfaceOrientations_iPad = "UIInterfaceOrientationPortrait UIInterfaceOrientationPortraitUpsideDown UIInterfaceOrientationLandscapeLeft UIInterfaceOrientationLandscapeRight";
				INFOPLIST_KEY_UISupportedInterfaceOrientations_iPhone = "UIInterfaceOrientationPortrait UIInterfaceOrientationLandscapeLeft UIInterfaceOrientationLandscapeRight";
				LD_RUNPATH_SEARCH_PATHS = (
					"$(inherited)",
					"@executable_path/Frameworks",
				);
				MARKETING_VERSION = 1.0;
				PRODUCT_BUNDLE_IDENTIFIER = NWMSU.DiscountApp;
				PRODUCT_NAME = "$(TARGET_NAME)";
				SWIFT_EMIT_LOC_STRINGS = YES;
				SWIFT_VERSION = 5.0;
				TARGETED_DEVICE_FAMILY = "1,2";
			};
			name = Debug;
		};
		BAEE633927EA2C7E00A71EF8 /* Release */ = {
			isa = XCBuildConfiguration;
			buildSettings = {
				ASSETCATALOG_COMPILER_APPICON_NAME = AppIcon;
				ASSETCATALOG_COMPILER_GLOBAL_ACCENT_COLOR_NAME = AccentColor;
				CODE_SIGN_STYLE = Automatic;
				CURRENT_PROJECT_VERSION = 1;
				GENERATE_INFOPLIST_FILE = YES;
				INFOPLIST_FILE = DiscountApp/Info.plist;
				INFOPLIST_KEY_CFBundleDisplayName = DiscountApp;
				INFOPLIST_KEY_UIApplicationSupportsIndirectInputEvents = YES;
				INFOPLIST_KEY_UILaunchStoryboardName = LaunchScreen;
				INFOPLIST_KEY_UIMainStoryboardFile = Main;
				INFOPLIST_KEY_UISupportedInterfaceOrientations_iPad = "UIInterfaceOrientationPortrait UIInterfaceOrientationPortraitUpsideDown UIInterfaceOrientationLandscapeLeft UIInterfaceOrientationLandscapeRight";
				INFOPLIST_KEY_UISupportedInterfaceOrientations_iPhone = "UIInterfaceOrientationPortrait UIInterfaceOrientationLandscapeLeft UIInterfaceOrientationLandscapeRight";
				LD_RUNPATH_SEARCH_PATHS = (
					"$(inherited)",
					"@executable_path/Frameworks",
				);
				MARKETING_VERSION = 1.0;
				PRODUCT_BUNDLE_IDENTIFIER = NWMSU.DiscountApp;
				PRODUCT_NAME = "$(TARGET_NAME)";
				SWIFT_EMIT_LOC_STRINGS = YES;
				SWIFT_VERSION = 5.0;
				TARGETED_DEVICE_FAMILY = "1,2";
			};
			name = Release;
		};
		BAEE633B27EA2C7E00A71EF8 /* Debug */ = {
			isa = XCBuildConfiguration;
			buildSettings = {
				ALWAYS_EMBED_SWIFT_STANDARD_LIBRARIES = YES;
				BUNDLE_LOADER = "$(TEST_HOST)";
				CODE_SIGN_STYLE = Automatic;
				CURRENT_PROJECT_VERSION = 1;
				GENERATE_INFOPLIST_FILE = YES;
				IPHONEOS_DEPLOYMENT_TARGET = 15.2;
				MARKETING_VERSION = 1.0;
				PRODUCT_BUNDLE_IDENTIFIER = NWMSU.DiscountAppTests;
				PRODUCT_NAME = "$(TARGET_NAME)";
				SWIFT_EMIT_LOC_STRINGS = NO;
				SWIFT_VERSION = 5.0;
				TARGETED_DEVICE_FAMILY = "1,2";
				TEST_HOST = "$(BUILT_PRODUCTS_DIR)/DiscountApp.app/DiscountApp";
			};
			name = Debug;
		};
		BAEE633C27EA2C7E00A71EF8 /* Release */ = {
			isa = XCBuildConfiguration;
			buildSettings = {
				ALWAYS_EMBED_SWIFT_STANDARD_LIBRARIES = YES;
				BUNDLE_LOADER = "$(TEST_HOST)";
				CODE_SIGN_STYLE = Automatic;
				CURRENT_PROJECT_VERSION = 1;
				GENERATE_INFOPLIST_FILE = YES;
				IPHONEOS_DEPLOYMENT_TARGET = 15.2;
				MARKETING_VERSION = 1.0;
				PRODUCT_BUNDLE_IDENTIFIER = NWMSU.DiscountAppTests;
				PRODUCT_NAME = "$(TARGET_NAME)";
				SWIFT_EMIT_LOC_STRINGS = NO;
				SWIFT_VERSION = 5.0;
				TARGETED_DEVICE_FAMILY = "1,2";
				TEST_HOST = "$(BUILT_PRODUCTS_DIR)/DiscountApp.app/DiscountApp";
			};
			name = Release;
		};
		BAEE633E27EA2C7E00A71EF8 /* Debug */ = {
			isa = XCBuildConfiguration;
			buildSettings = {
				ALWAYS_EMBED_SWIFT_STANDARD_LIBRARIES = YES;
				CODE_SIGN_STYLE = Automatic;
				CURRENT_PROJECT_VERSION = 1;
				GENERATE_INFOPLIST_FILE = YES;
				MARKETING_VERSION = 1.0;
				PRODUCT_BUNDLE_IDENTIFIER = NWMSU.DiscountAppUITests;
				PRODUCT_NAME = "$(TARGET_NAME)";
				SWIFT_EMIT_LOC_STRINGS = NO;
				SWIFT_VERSION = 5.0;
				TARGETED_DEVICE_FAMILY = "1,2";
				TEST_TARGET_NAME = DiscountApp;
			};
			name = Debug;
		};
		BAEE633F27EA2C7E00A71EF8 /* Release */ = {
			isa = XCBuildConfiguration;
			buildSettings = {
				ALWAYS_EMBED_SWIFT_STANDARD_LIBRARIES = YES;
				CODE_SIGN_STYLE = Automatic;
				CURRENT_PROJECT_VERSION = 1;
				GENERATE_INFOPLIST_FILE = YES;
				MARKETING_VERSION = 1.0;
				PRODUCT_BUNDLE_IDENTIFIER = NWMSU.DiscountAppUITests;
				PRODUCT_NAME = "$(TARGET_NAME)";
				SWIFT_EMIT_LOC_STRINGS = NO;
				SWIFT_VERSION = 5.0;
				TARGETED_DEVICE_FAMILY = "1,2";
				TEST_TARGET_NAME = DiscountApp;
			};
			name = Release;
		};
/* End XCBuildConfiguration section */

/* Begin XCConfigurationList section */
		BAEE630827EA2C7C00A71EF8 /* Build configuration list for PBXProject "DiscountApp" */ = {
			isa = XCConfigurationList;
			buildConfigurations = (
				BAEE633527EA2C7E00A71EF8 /* Debug */,
				BAEE633627EA2C7E00A71EF8 /* Release */,
			);
			defaultConfigurationIsVisible = 0;
			defaultConfigurationName = Release;
		};
		BAEE633727EA2C7E00A71EF8 /* Build configuration list for PBXNativeTarget "DiscountApp" */ = {
			isa = XCConfigurationList;
			buildConfigurations = (
				BAEE633827EA2C7E00A71EF8 /* Debug */,
				BAEE633927EA2C7E00A71EF8 /* Release */,
			);
			defaultConfigurationIsVisible = 0;
			defaultConfigurationName = Release;
		};
		BAEE633A27EA2C7E00A71EF8 /* Build configuration list for PBXNativeTarget "DiscountAppTests" */ = {
			isa = XCConfigurationList;
			buildConfigurations = (
				BAEE633B27EA2C7E00A71EF8 /* Debug */,
				BAEE633C27EA2C7E00A71EF8 /* Release */,
			);
			defaultConfigurationIsVisible = 0;
			defaultConfigurationName = Release;
		};
		BAEE633D27EA2C7E00A71EF8 /* Build configuration list for PBXNativeTarget "DiscountAppUITests" */ = {
			isa = XCConfigurationList;
			buildConfigurations = (
				BAEE633E27EA2C7E00A71EF8 /* Debug */,
				BAEE633F27EA2C7E00A71EF8 /* Release */,
			);
			defaultConfigurationIsVisible = 0;
			defaultConfigurationName = Release;
		};
/* End XCConfigurationList section */
	};
	rootObject = BAEE630527EA2C7C00A71EF8 /* Project object */;
}
